
Microsoft Visual Studio Solution File, Format Version 12.00
# Visual Studio Version 17
VisualStudioVersion = 17.4.33205.214
MinimumVisualStudioVersion = 10.0.40219.1
Project("{FAE04EC0-301F-11D3-BF4B-00C04F79EFBC}") = "ProjetoBancodeDados", "ProjetoBancodeDados.csproj", "{46C1AC3D-990D-4237-8D76-4A3974ECD7C9}"
EndProject
Global
	GlobalSection(SolutionConfigurationPlatforms) = preSolution
		Debug|Any CPU = Debug|Any CPU
		Release|Any CPU = Release|Any CPU
	EndGlobalSection
	GlobalSection(ProjectConfigurationPlatforms) = postSolution
		{46C1AC3D-990D-4237-8D76-4A3974ECD7C9}.Debug|Any CPU.ActiveCfg = Debug|Any CPU
		{46C1AC3D-990D-4237-8D76-4A3974ECD7C9}.Debug|Any CPU.Build.0 = Debug|Any CPU
		{46C1AC3D-990D-4237-8D76-4A3974ECD7C9}.Release|Any CPU.ActiveCfg = Release|Any CPU
		{46C1AC3D-990D-4237-8D76-4A3974ECD7C9}.Release|Any CPU.Build.0 = Release|Any CPU
	EndGlobalSection
	GlobalSection(SolutionProperties) = preSolution
		HideSolutionNode = FALSE
	EndGlobalSection
	GlobalSection(ExtensibilityGlobals) = postSolution
		SolutionGuid = {9214B1D1-CDED-4519-B128-C1B2225E9796}
	EndGlobalSection
EndGlobal
